
Microsoft Visual Studio Solution File, Format Version 12.00
# Visual Studio Version 17
VisualStudioVersion = 17.9.34622.214
MinimumVisualStudioVersion = 10.0.40219.1
Project("{9A19103F-16F7-4668-BE54-9A1E7A4F7556}") = "BaiTapTrenLop", "BaiTapTrenLop\BaiTapTrenLop.csproj", "{26FDDB93-5852-47F6-93CB-868F1B4ABAAB}"
EndProject
Project("{FAE04EC0-301F-11D3-BF4B-00C04F79EFBC}") = "ThaoTacListBox", "ThaoTacListBox\ThaoTacListBox.csproj", "{DE62DCBD-3A47-4D16-9F87-6E76939E00B5}"
EndProject
Global
	GlobalSection(SolutionConfigurationPlatforms) = preSolution
		Debug|Any CPU = Debug|Any CPU
		Release|Any CPU = Release|Any CPU
	EndGlobalSection
	GlobalSection(ProjectConfigurationPlatforms) = postSolution
		{26FDDB93-5852-47F6-93CB-868F1B4ABAAB}.Debug|Any CPU.ActiveCfg = Debug|Any CPU
		{26FDDB93-5852-47F6-93CB-868F1B4ABAAB}.Debug|Any CPU.Build.0 = Debug|Any CPU
		{26FDDB93-5852-47F6-93CB-868F1B4ABAAB}.Release|Any CPU.ActiveCfg = Release|Any CPU
		{26FDDB93-5852-47F6-93CB-868F1B4ABAAB}.Release|Any CPU.Build.0 = Release|Any CPU
		{DE62DCBD-3A47-4D16-9F87-6E76939E00B5}.Debug|Any CPU.ActiveCfg = Debug|Any CPU
		{DE62DCBD-3A47-4D16-9F87-6E76939E00B5}.Debug|Any CPU.Build.0 = Debug|Any CPU
		{DE62DCBD-3A47-4D16-9F87-6E76939E00B5}.Release|Any CPU.ActiveCfg = Release|Any CPU
		{DE62DCBD-3A47-4D16-9F87-6E76939E00B5}.Release|Any CPU.Build.0 = Release|Any CPU
	EndGlobalSection
	GlobalSection(SolutionProperties) = preSolution
		HideSolutionNode = FALSE
	EndGlobalSection
	GlobalSection(ExtensibilityGlobals) = postSolution
		SolutionGuid = {A0320F04-FC96-4002-B380-8FB66FCF4496}
	EndGlobalSection
EndGlobal
